
Microsoft Visual Studio Solution File, Format Version 12.00
# Visual Studio Version 17
VisualStudioVersion = 17.0.31903.59
MinimumVisualStudioVersion = 10.0.40219.1
Project("{FAE04EC0-301F-11D3-BF4B-00C04F79EFBC}") = "Apple2Sharp", "Apple2Sharp\Apple2Sharp.csproj", "{1091685E-4702-48B5-B778-61B075440669}"
EndProject
Project("{FAE04EC0-301F-11D3-BF4B-00C04F79EFBC}") = "Apple2Sharp.IO", "Apple2Sharp.IO\Apple2Sharp.IO.csproj", "{B33A932D-03A1-45BD-9E0C-A735E3D7A6EE}"
EndProject
Project("{FAE04EC0-301F-11D3-BF4B-00C04F79EFBC}") = "Apple2Sharp.Mainboard", "Apple2Sharp.Mainboard\Apple2Sharp.Mainboard.csproj", "{2FD2421B-BA09-4CD9-A9E3-A4AAF9F556DA}"
EndProject
Project("{FAE04EC0-301F-11D3-BF4B-00C04F79EFBC}") = "Apple2Sharp.CPU6502", "Apple2Sharp.CPU6502\Apple2Sharp.CPU6502.csproj", "{B7E2EED3-DC7D-4ED9-B73A-AE03B9EE7B1C}"
EndProject
Project("{FAE04EC0-301F-11D3-BF4B-00C04F79EFBC}") = "Apple2Sharp.CPU65C02", "Apple2Sharp.CPU65C02\Apple2Sharp.CPU65C02.csproj", "{433BE472-B988-43F7-9242-27ED8FED9ACD}"
EndProject
Global
	GlobalSection(SolutionConfigurationPlatforms) = preSolution
		Debug|Any CPU = Debug|Any CPU
		Release|Any CPU = Release|Any CPU
	EndGlobalSection
	GlobalSection(SolutionProperties) = preSolution
		HideSolutionNode = FALSE
	EndGlobalSection
	GlobalSection(ProjectConfigurationPlatforms) = postSolution
		{1091685E-4702-48B5-B778-61B075440669}.Debug|Any CPU.ActiveCfg = Debug|Any CPU
		{1091685E-4702-48B5-B778-61B075440669}.Debug|Any CPU.Build.0 = Debug|Any CPU
		{1091685E-4702-48B5-B778-61B075440669}.Release|Any CPU.ActiveCfg = Release|Any CPU
		{1091685E-4702-48B5-B778-61B075440669}.Release|Any CPU.Build.0 = Release|Any CPU
		{B33A932D-03A1-45BD-9E0C-A735E3D7A6EE}.Debug|Any CPU.ActiveCfg = Debug|Any CPU
		{B33A932D-03A1-45BD-9E0C-A735E3D7A6EE}.Debug|Any CPU.Build.0 = Debug|Any CPU
		{B33A932D-03A1-45BD-9E0C-A735E3D7A6EE}.Release|Any CPU.ActiveCfg = Release|Any CPU
		{B33A932D-03A1-45BD-9E0C-A735E3D7A6EE}.Release|Any CPU.Build.0 = Release|Any CPU
		{2FD2421B-BA09-4CD9-A9E3-A4AAF9F556DA}.Debug|Any CPU.ActiveCfg = Debug|Any CPU
		{2FD2421B-BA09-4CD9-A9E3-A4AAF9F556DA}.Debug|Any CPU.Build.0 = Debug|Any CPU
		{2FD2421B-BA09-4CD9-A9E3-A4AAF9F556DA}.Release|Any CPU.ActiveCfg = Release|Any CPU
		{2FD2421B-BA09-4CD9-A9E3-A4AAF9F556DA}.Release|Any CPU.Build.0 = Release|Any CPU
		{B7E2EED3-DC7D-4ED9-B73A-AE03B9EE7B1C}.Debug|Any CPU.ActiveCfg = Debug|Any CPU
		{B7E2EED3-DC7D-4ED9-B73A-AE03B9EE7B1C}.Debug|Any CPU.Build.0 = Debug|Any CPU
		{B7E2EED3-DC7D-4ED9-B73A-AE03B9EE7B1C}.Release|Any CPU.ActiveCfg = Release|Any CPU
		{B7E2EED3-DC7D-4ED9-B73A-AE03B9EE7B1C}.Release|Any CPU.Build.0 = Release|Any CPU
		{433BE472-B988-43F7-9242-27ED8FED9ACD}.Debug|Any CPU.ActiveCfg = Debug|Any CPU
		{433BE472-B988-43F7-9242-27ED8FED9ACD}.Debug|Any CPU.Build.0 = Debug|Any CPU
		{433BE472-B988-43F7-9242-27ED8FED9ACD}.Release|Any CPU.ActiveCfg = Release|Any CPU
		{433BE472-B988-43F7-9242-27ED8FED9ACD}.Release|Any CPU.Build.0 = Release|Any CPU
	EndGlobalSection
EndGlobal
